
Microsoft Visual Studio Solution File, Format Version 12.00
# Visual Studio 2013
VisualStudioVersion = 12.0.30501.0
MinimumVisualStudioVersion = 10.0.40219.1
Project("{FAE04EC0-301F-11D3-BF4B-00C04F79EFBC}") = "ExamSys.Database", "ExamSys.Database\ExamSys.Database.csproj", "{5031DE67-0299-494A-A33D-202F2D740CA6}"
EndProject
Project("{FAE04EC0-301F-11D3-BF4B-00C04F79EFBC}") = "ExamSys.Logics", "ExamSys.Logics\ExamSys.Logics.csproj", "{FFBB7A0F-5BF5-4E0C-9BDD-DB2B6C66F229}"
EndProject
Project("{FAE04EC0-301F-11D3-BF4B-00C04F79EFBC}") = "ExamSys.WebUi", "ExamSys.WebUi\ExamSys.WebUi.csproj", "{BE4C1E29-0E03-4634-B7D4-89301221EA2D}"
EndProject
Global
	GlobalSection(SolutionConfigurationPlatforms) = preSolution
		Debug|Any CPU = Debug|Any CPU
		Release|Any CPU = Release|Any CPU
	EndGlobalSection
	GlobalSection(ProjectConfigurationPlatforms) = postSolution
		{5031DE67-0299-494A-A33D-202F2D740CA6}.Debug|Any CPU.ActiveCfg = Debug|Any CPU
		{5031DE67-0299-494A-A33D-202F2D740CA6}.Debug|Any CPU.Build.0 = Debug|Any CPU
		{5031DE67-0299-494A-A33D-202F2D740CA6}.Release|Any CPU.ActiveCfg = Release|Any CPU
		{5031DE67-0299-494A-A33D-202F2D740CA6}.Release|Any CPU.Build.0 = Release|Any CPU
		{FFBB7A0F-5BF5-4E0C-9BDD-DB2B6C66F229}.Debug|Any CPU.ActiveCfg = Debug|Any CPU
		{FFBB7A0F-5BF5-4E0C-9BDD-DB2B6C66F229}.Debug|Any CPU.Build.0 = Debug|Any CPU
		{FFBB7A0F-5BF5-4E0C-9BDD-DB2B6C66F229}.Release|Any CPU.ActiveCfg = Release|Any CPU
		{FFBB7A0F-5BF5-4E0C-9BDD-DB2B6C66F229}.Release|Any CPU.Build.0 = Release|Any CPU
		{BE4C1E29-0E03-4634-B7D4-89301221EA2D}.Debug|Any CPU.ActiveCfg = Debug|Any CPU
		{BE4C1E29-0E03-4634-B7D4-89301221EA2D}.Debug|Any CPU.Build.0 = Debug|Any CPU
		{BE4C1E29-0E03-4634-B7D4-89301221EA2D}.Release|Any CPU.ActiveCfg = Release|Any CPU
		{BE4C1E29-0E03-4634-B7D4-89301221EA2D}.Release|Any CPU.Build.0 = Release|Any CPU
	EndGlobalSection
	GlobalSection(SolutionProperties) = preSolution
		HideSolutionNode = FALSE
	EndGlobalSection
EndGlobal
